
Microsoft Visual Studio Solution File, Format Version 12.00
# Visual Studio 14
VisualStudioVersion = 14.0.25123.0
MinimumVisualStudioVersion = 10.0.40219.1
Project("{FAE04EC0-301F-11D3-BF4B-00C04F79EFBC}") = "SpiderNest", "SpiderNest\SpiderNest.csproj", "{2A138E90-23E5-40CD-BDE0-7997C4C57949}"
EndProject
Project("{FAE04EC0-301F-11D3-BF4B-00C04F79EFBC}") = "SpiderTest", "SpiderTest\SpiderTest.csproj", "{FE5C43F5-4E81-47B8-9720-3BA622EFBAA0}"
EndProject
Global
	GlobalSection(SolutionConfigurationPlatforms) = preSolution
		Debug|Any CPU = Debug|Any CPU
		Release|Any CPU = Release|Any CPU
	EndGlobalSection
	GlobalSection(ProjectConfigurationPlatforms) = postSolution
		{2A138E90-23E5-40CD-BDE0-7997C4C57949}.Debug|Any CPU.ActiveCfg = Debug|Any CPU
		{2A138E90-23E5-40CD-BDE0-7997C4C57949}.Debug|Any CPU.Build.0 = Debug|Any CPU
		{2A138E90-23E5-40CD-BDE0-7997C4C57949}.Release|Any CPU.ActiveCfg = Release|Any CPU
		{2A138E90-23E5-40CD-BDE0-7997C4C57949}.Release|Any CPU.Build.0 = Release|Any CPU
		{FE5C43F5-4E81-47B8-9720-3BA622EFBAA0}.Debug|Any CPU.ActiveCfg = Debug|Any CPU
		{FE5C43F5-4E81-47B8-9720-3BA622EFBAA0}.Debug|Any CPU.Build.0 = Debug|Any CPU
		{FE5C43F5-4E81-47B8-9720-3BA622EFBAA0}.Release|Any CPU.ActiveCfg = Release|Any CPU
		{FE5C43F5-4E81-47B8-9720-3BA622EFBAA0}.Release|Any CPU.Build.0 = Release|Any CPU
	EndGlobalSection
	GlobalSection(SolutionProperties) = preSolution
		HideSolutionNode = FALSE
	EndGlobalSection
EndGlobal
